{
  "name": "comics-ts",
  "version": "2.0.0",
  "lockfileVersion": 3,
  "requires": true,
  "packages": {
    "": {
      "name": "comics-ts",
      "version": "2.0.0",
      "license": "MIT",
      "dependencies": {
        "@cloudflare/kv-asset-handler": "^0.4.0",
        "cheerio": "^1.0.0",
        "dompurify": "^3.3.2",
        "xss": "^1.0.15"
      },
      "devDependencies": {
        "@cloudflare/workers-types": "^4.20250510.0",
        "@types/jest": "^29.5.14",
        "@types/service-worker-mock": "^2.0.4",
        "@typescript-eslint/eslint-plugin": "^8.32.0",
        "@typescript-eslint/parser": "^8.32.0",
        "copy-webpack-plugin": "^14.0.0",
        "eslint": "^9.26.0",
        "eslint-config-prettier": "^10.1.5",
        "eslint-config-typescript": "^3.0.0",
        "jest": "^29.7.0",
        "prettier": "^3.5.3",
        "service-worker-mock": "^2.0.5",
        "ts-jest": "^29.3.2",
        "ts-loader": "^9.5.2",
        "typescript": "^5.8.3",
        "webpack": "^5.105.4",
        "webpack-cli": "^6.0.1",
        "wrangler": "^4.87.0"
      }
    },
    "node_modules/@babel/code-frame": {
      "version": "7.29.0",
      "resolved": "https://registry.npmjs.org/@babel/code-frame/-/code-frame-7.29.0.tgz",
      "integrity": "sha512-9NhCeYjq9+3uxgdtp20LSiJXJvN0FeCtNGpJxuMFZ1Kv3cWUNb6DOhJwUvcVCzKGR66cw4njwM6hrJLqgOwbcw==",
      "dev": true,
      "license": "MIT",
      "dependencies": {
        "@babel/helper-validator-identifier": "^7.28.5",
        "js-tokens": "^4.0.0",
        "picocolors": "^1.1.1"
      },
      "engines": {
        "node": ">=6.9.0"
      }
    },
    "node_modules/@babel/compat-data": {
      "version": "7.29.3",
      "resolved": "https://registry.npmjs.org/@babel/compat-data/-/compat-data-7.29.3.tgz",
      "integrity": "sha512-LIVqM46zQWZhj17qA8wb4nW/ixr2y1Nw+r1etiAWgRM6U1IqP+LNhL1yg440jYZR72jCWcWbLWzIosH+uP1fqg==",
      "dev": true,
      "license": "MIT",
      "engines": {
        "node": ">=6.9.0"
      }
    },
    "node_modules/@babel/core": {
      "version": "7.29.0",
      "resolved": "https://registry.npmjs.org/@babel/core/-/core-7.29.0.tgz",
      "integrity": "sha512-CGOfOJqWjg2qW/Mb6zNsDm+u5vFQ8DxXfbM09z69p5Z6+mE1ikP2jUXw+j42Pf1XTYED2Rni5f95npYeuwMDQA==",
      "dev": true,
      "license": "MIT",
      "dependencies": {
        "@babel/code-frame": "^7.29.0",
        "@babel/generator": "^7.29.0",
        "@babel/helper-compilation-targets": "^7.28.6",
        "@babel/helper-module-transforms": "^7.28.6",
        "@babel/helpers": "^7.28.6",
        "@babel/parser": "^7.29.0",
        "@babel/template": "^7.28.6",
        "@babel/traverse": "^7.29.0",
        "@babel/types": "^7.29.0",
        "@jridgewell/remapping": "^2.3.5",
        "convert-source-map": "^2.0.0",
        "debug": "^4.1.0",
        "gensync": "^1.0.0-beta.2",
        "json5": "^2.2.3",
        "semver": "^6.3.1"
      },
      "engines": {
        "node": ">=6.9.0"
      },
      "funding": {
        "type": "opencollective",
        "url": "https://opencollective.com/babel"
      }
    },
    "node_modules/@babel/core/node_modules/semver": {
      "version": "6.3.1",
      "resolved": "https://registry.npmjs.org/semver/-/semver-6.3.1.tgz",
      "integrity": "sha512-BR7VvDCVHO+q2xBEWskxS6DJE1qRnb7DxXUrogb71CWoSficBxYsiAGd+Kl0mmq/MprG9yArRkyrQxTO6XjMzA==",
      "dev": true,
      "license": "ISC",
      "bin": {
        "semver": "bin/semver.js"
      }
    }
  }
}
